{
  "name": "ts-helpers",
  "version": "1.0.0",
  "lockfileVersion": 1,
  "requires": true,
  "dependencies": {
    "@types/microsoft-ajax": {
      "version": "0.0.33",
      "resolved": "https://registry.npmjs.org/@types/microsoft-ajax/-/microsoft-ajax-0.0.33.tgz",
      "integrity": "sha512-R31YIw2FUZsx62yzH1LX9+SV0xCxRn+r6FpYhaEKHAms+3zozMYZZvsJO+I3za+wlE/z03PrePGgCO1rxv7dUg==",
      "dev": true
    },
    "@types/sharepoint": {
      "version": "2016.1.0",
      "resolved": "https://registry.npmjs.org/@types/sharepoint/-/sharepoint-2016.1.0.tgz",
      "integrity": "sha512-/SxDBnVffps+EQQnqe6o8/3V/GEMy+iv4TOKmiFSvEAisdcY2ZUkAWBdwG3lQ+sv3ePUYSVL5gA8sHjSnjKsiQ==",
      "dev": true,
      "requires": {
        "@types/microsoft-ajax": "0.0.33"
      }
    }
  }
}
